{
  "name": "practice-nodejs-typescript",
  "version": "1.0.0",
  "lockfileVersion": 1,
  "requires": true,
  "dependencies": {
    "@types/aws-lambda": {
      "version": "8.10.56",
      "resolved": "https://registry.npmjs.org/@types/aws-lambda/-/aws-lambda-8.10.56.tgz",
      "integrity": "sha512-jaxu5br/KYxhNBNmr2GoVhIUady2zNsvSRCa4kCHW+GcM4ladPhfEyeJkkNMGo/IlVAfpcPYTsSzhYWZoSgZXA==",
      "dev": true
    },
    "typescript": {
      "version": "3.9.5",
      "resolved": "https://registry.npmjs.org/typescript/-/typescript-3.9.5.tgz",
      "integrity": "sha512-hSAifV3k+i6lEoCJ2k6R2Z/rp/H3+8sdmcn5NrS3/3kE7+RyZXm9aqvxWqjEXHAd8b0pShatpcdMTvEdvAJltQ==",
      "dev": true
    }
  }
}
